{
  "version": 4,
  "terraform_version": "1.7.4",
  "serial": 7,
  "lineage": "a63339ad-fac6-17bc-fcbc-b66de70779e2",
  "outputs": {},
  "resources": [
    {
      "mode": "data",
      "type": "digitalocean_ssh_key",
      "name": "terraform",
      "provider": "provider[\"registry.terraform.io/digitalocean/digitalocean\"]",
      "instances": [
        {
          "schema_version": 0,
          "attributes": {
            "fingerprint": "14:e8:ed:8c:55:9d:a6:a6:14:81:c2:e0:9a:c4:d0:65",
            "id": 42177136,
            "name": "test18",
            "public_key": "ssh-rsa AAAAB3NzaC1yc2EAAAADAQABAAABgQC11Y0ERsp5977QNE4DpmVIpWqP6/O+9zgchQA2e0mBwR03FrqUvzxmoURFH79ogxzPih6wVbmHtObigacybDqgsjkJIbD69BhsnpG39V8l/aVsJUHrUxck0t1tFDnWk79XzTJukonwYesqAHXM0sHEny/Driq1O2lShtlJU0xgc/3U7Z+Wl794naoXQfOKjgV6p32naj+08+R/uNn0971Jn8MH0W4wm4i/bhOs84pBtDt3EJrjZ0/eRdo2+Ixo4fEj1KDyDzh4+QbEnATR9lH1HBzYJDszPViszENQ/Z01HsNBEK3qYMQSwzgWAKhAXtDwsn6/k6xA6ybVIXPo0ReCQlq0OD89vgmmbQOA1sLSbc6D2lWqj7uiGlOlSOuPzYFolBRCXvAJ2oBg5r1eVCNw51NQy0xhzkWs05mV9zAe5lbmvMwGx5QmijrVP6OG6GRbIkeNIVzBLdT3R8wauxTceBc0V9zg3P8kQwdmxqoFqyQ2E15zBhrB0fEDbJflxD0= paola@VenP"
          },
          "sensitive_attributes": []
        }
      ]
    },
    {
      "mode": "managed",
      "type": "digitalocean_droplet",
      "name": "web",
      "provider": "provider[\"registry.terraform.io/digitalocean/digitalocean\"]",
      "instances": [
        {
          "schema_version": 1,
          "attributes": {
            "backups": false,
            "created_at": "2024-05-25T03:56:23Z",
            "disk": 160,
            "droplet_agent": null,
            "graceful_shutdown": false,
            "id": "421078770",
            "image": "ubuntu-23-10-x64",
            "ipv4_address": "147.182.235.137",
            "ipv4_address_private": "10.124.0.2",
            "ipv6": false,
            "ipv6_address": "",
            "locked": false,
            "memory": 8192,
            "monitoring": false,
            "name": "test18",
            "price_hourly": 0.08333,
            "price_monthly": 56,
            "private_networking": true,
            "region": "sfo3",
            "resize_disk": true,
            "size": "s-4vcpu-8gb-amd",
            "ssh_keys": [
              "42177136"
            ],
            "status": "active",
            "tags": null,
            "timeouts": null,
            "urn": "do:droplet:421078770",
            "user_data": null,
            "vcpus": 4,
            "volume_ids": [],
            "vpc_uuid": "742d3d5c-7c68-4f01-b232-3b517a7498ef"
          },
          "sensitive_attributes": [],
          "private": "eyJlMmJmYjczMC1lY2FhLTExZTYtOGY4OC0zNDM2M2JjN2M0YzAiOnsiY3JlYXRlIjozNjAwMDAwMDAwMDAwLCJkZWxldGUiOjYwMDAwMDAwMDAwLCJ1cGRhdGUiOjM2MDAwMDAwMDAwMDB9LCJzY2hlbWFfdmVyc2lvbiI6IjEifQ==",
          "dependencies": [
            "data.digitalocean_ssh_key.terraform"
          ]
        }
      ]
    },
    {
      "mode": "managed",
      "type": "null_resource",
      "name": "apps_settings",
      "provider": "provider[\"registry.terraform.io/hashicorp/null\"]",
      "instances": [
        {
          "index_key": "0",
          "schema_version": 0,
          "attributes": {
            "id": "4359300823968750808",
            "triggers": null
          },
          "sensitive_attributes": [],
          "dependencies": [
            "data.digitalocean_ssh_key.terraform",
            "digitalocean_droplet.web",
            "null_resource.change_user"
          ]
        },
        {
          "index_key": "1",
          "schema_version": 0,
          "attributes": {
            "id": "7377671869527497833",
            "triggers": null
          },
          "sensitive_attributes": [],
          "dependencies": [
            "data.digitalocean_ssh_key.terraform",
            "digitalocean_droplet.web",
            "null_resource.change_user"
          ]
        }
      ]
    },
    {
      "mode": "managed",
      "type": "null_resource",
      "name": "change_user",
      "provider": "provider[\"registry.terraform.io/hashicorp/null\"]",
      "instances": [
        {
          "schema_version": 0,
          "attributes": {
            "id": "6000085238072664444",
            "triggers": null
          },
          "sensitive_attributes": [],
          "dependencies": [
            "data.digitalocean_ssh_key.terraform",
            "digitalocean_droplet.web"
          ]
        }
      ]
    },
    {
      "mode": "managed",
      "type": "null_resource",
      "name": "ssl_settings",
      "provider": "provider[\"registry.terraform.io/hashicorp/null\"]",
      "instances": [
        {
          "schema_version": 0,
          "attributes": {
            "id": "5352557781168522785",
            "triggers": null
          },
          "sensitive_attributes": [],
          "dependencies": [
            "data.digitalocean_ssh_key.terraform",
            "digitalocean_droplet.web",
            "null_resource.apps_settings",
            "null_resource.change_user",
            "time_sleep.wait_6_seconds"
          ]
        }
      ]
    },
    {
      "mode": "managed",
      "type": "time_sleep",
      "name": "wait_6_seconds",
      "provider": "provider[\"registry.terraform.io/hashicorp/time\"]",
      "instances": [
        {
          "schema_version": 0,
          "attributes": {
            "create_duration": "6s",
            "destroy_duration": null,
            "id": "2024-05-25T04:00:06Z",
            "triggers": {
              "before": "4359300823968750808"
            }
          },
          "sensitive_attributes": [],
          "dependencies": [
            "data.digitalocean_ssh_key.terraform",
            "digitalocean_droplet.web",
            "null_resource.apps_settings",
            "null_resource.change_user"
          ]
        }
      ]
    }
  ],
  "check_results": null
}
