{
  "version": 4,
  "terraform_version": "1.7.4",
  "serial": 6,
  "lineage": "6eb84f61-337e-1143-1732-8fe7430a8a9d",
  "outputs": {},
  "resources": [
    {
      "mode": "data",
      "type": "digitalocean_ssh_key",
      "name": "terraform",
      "provider": "provider[\"registry.terraform.io/digitalocean/digitalocean\"]",
      "instances": [
        {
          "schema_version": 0,
          "attributes": {
            "fingerprint": "bb:1c:a8:33:5c:cf:ae:64:e8:1d:5a:5c:46:72:cf:bc",
            "id": 42420589,
            "name": "ExerciseDiary6",
            "public_key": "ssh-rsa AAAAB3NzaC1yc2EAAAADAQABAAABgQDUGKUNNYpcinsf8tZQJokQA2VZ5Io9H3EoSO8KbTPVz5hIqw9eQdCeslj4PUBSyjETGUsYf/UAhh4OjOmND2e7jIYBe5scNS1L1kLCecmF0prhWeQaOPWX9BIWcRG/qFFTzLcAbZhG47TeJ+CUEDgr2lTFOQlY7l9AhUkKbQC11p3gVIprY2XlRg/6qwZfWTswvdbo295iT/sNttEeaXO50fREELFBrRCu6y4GIC+pjDTVVbNumQbAzr6HcmAKq0EPcryaT41AOl2jv3s4Lbb3gp1zM2Fp3XrE0E+uRiOeWmNagIlmVff6KpS4ChWzLPsiQSwUBwPYtgCVHiS9aoKwyedOIaHKaK7k8BUA619SqZlYAIyu3kBYRzYuLd+6hk42Lf15cYFnlbSoBI3oQGG/s+3JT58FLwJqi1hRU9buJKJbokd5AQ8krWNi6yN4OU3aP+JhpmwlOIg3KfCbKRguZiK/WcImRYNxBdlSactgqvsE+k5IhJEAQXHDwqoQXfk= paola@VenP"
          },
          "sensitive_attributes": []
        }
      ]
    },
    {
      "mode": "managed",
      "type": "digitalocean_droplet",
      "name": "web",
      "provider": "provider[\"registry.terraform.io/digitalocean/digitalocean\"]",
      "instances": [
        {
          "schema_version": 1,
          "attributes": {
            "backups": false,
            "created_at": "2024-06-13T21:29:13Z",
            "disk": 160,
            "droplet_agent": null,
            "graceful_shutdown": false,
            "id": "425600886",
            "image": "ubuntu-23-10-x64",
            "ipv4_address": "64.23.154.77",
            "ipv4_address_private": "10.124.0.2",
            "ipv6": false,
            "ipv6_address": "",
            "locked": false,
            "memory": 8192,
            "monitoring": false,
            "name": "ExerciseDiary6",
            "price_hourly": 0.08333,
            "price_monthly": 56,
            "private_networking": true,
            "region": "sfo3",
            "resize_disk": true,
            "size": "s-4vcpu-8gb-amd",
            "ssh_keys": ["42420589"],
            "status": "active",
            "tags": null,
            "timeouts": null,
            "urn": "do:droplet:425600886",
            "user_data": null,
            "vcpus": 4,
            "volume_ids": [],
            "vpc_uuid": "742d3d5c-7c68-4f01-b232-3b517a7498ef"
          },
          "sensitive_attributes": [],
          "private": "eyJlMmJmYjczMC1lY2FhLTExZTYtOGY4OC0zNDM2M2JjN2M0YzAiOnsiY3JlYXRlIjozNjAwMDAwMDAwMDAwLCJkZWxldGUiOjYwMDAwMDAwMDAwLCJ1cGRhdGUiOjM2MDAwMDAwMDAwMDB9LCJzY2hlbWFfdmVyc2lvbiI6IjEifQ==",
          "dependencies": ["data.digitalocean_ssh_key.terraform"]
        }
      ]
    },
    {
      "mode": "managed",
      "type": "null_resource",
      "name": "apps_settings",
      "provider": "provider[\"registry.terraform.io/hashicorp/null\"]",
      "instances": [
        {
          "index_key": "0",
          "schema_version": 0,
          "attributes": {
            "id": "276562560671729764",
            "triggers": null
          },
          "sensitive_attributes": [],
          "dependencies": [
            "data.digitalocean_ssh_key.terraform",
            "digitalocean_droplet.web",
            "null_resource.change_user"
          ]
        }
      ]
    },
    {
      "mode": "managed",
      "type": "null_resource",
      "name": "change_user",
      "provider": "provider[\"registry.terraform.io/hashicorp/null\"]",
      "instances": [
        {
          "schema_version": 0,
          "attributes": {
            "id": "3986106355421978531",
            "triggers": null
          },
          "sensitive_attributes": [],
          "dependencies": [
            "data.digitalocean_ssh_key.terraform",
            "digitalocean_droplet.web"
          ]
        }
      ]
    },
    {
      "mode": "managed",
      "type": "null_resource",
      "name": "ssl_settings",
      "provider": "provider[\"registry.terraform.io/hashicorp/null\"]",
      "instances": [
        {
          "schema_version": 0,
          "attributes": {
            "id": "7843349686048486195",
            "triggers": null
          },
          "sensitive_attributes": [],
          "dependencies": [
            "data.digitalocean_ssh_key.terraform",
            "digitalocean_droplet.web",
            "null_resource.apps_settings",
            "null_resource.change_user",
            "time_sleep.wait_6_seconds"
          ]
        }
      ]
    },
    {
      "mode": "managed",
      "type": "time_sleep",
      "name": "wait_6_seconds",
      "provider": "provider[\"registry.terraform.io/hashicorp/time\"]",
      "instances": [
        {
          "schema_version": 0,
          "attributes": {
            "create_duration": "6s",
            "destroy_duration": null,
            "id": "2024-06-13T21:32:45Z",
            "triggers": {
              "before": "276562560671729764"
            }
          },
          "sensitive_attributes": [],
          "dependencies": [
            "data.digitalocean_ssh_key.terraform",
            "digitalocean_droplet.web",
            "null_resource.apps_settings",
            "null_resource.change_user"
          ]
        }
      ]
    }
  ],
  "check_results": null
}
